
Microsoft Visual Studio Solution File, Format Version 12.00
# Visual Studio Version 16
VisualStudioVersion = 16.0.30413.136
MinimumVisualStudioVersion = 10.0.40219.1
Project("{FAE04EC0-301F-11D3-BF4B-00C04F79EFBC}") = "UPG1_Datalagring", "UPG1_Datalagring\UPG1_Datalagring.csproj", "{FA11A1FB-B0E6-4AE9-AA22-CC9E50ACE3EC}"
EndProject
Global
	GlobalSection(SolutionConfigurationPlatforms) = preSolution
		Debug|ARM = Debug|ARM
		Debug|ARM64 = Debug|ARM64
		Debug|x64 = Debug|x64
		Debug|x86 = Debug|x86
		Release|ARM = Release|ARM
		Release|ARM64 = Release|ARM64
		Release|x64 = Release|x64
		Release|x86 = Release|x86
	EndGlobalSection
	GlobalSection(ProjectConfigurationPlatforms) = postSolution
		{FA11A1FB-B0E6-4AE9-AA22-CC9E50ACE3EC}.Debug|ARM.ActiveCfg = Debug|ARM
		{FA11A1FB-B0E6-4AE9-AA22-CC9E50ACE3EC}.Debug|ARM.Build.0 = Debug|ARM
		{FA11A1FB-B0E6-4AE9-AA22-CC9E50ACE3EC}.Debug|ARM.Deploy.0 = Debug|ARM
		{FA11A1FB-B0E6-4AE9-AA22-CC9E50ACE3EC}.Debug|ARM64.ActiveCfg = Debug|ARM64
		{FA11A1FB-B0E6-4AE9-AA22-CC9E50ACE3EC}.Debug|ARM64.Build.0 = Debug|ARM64
		{FA11A1FB-B0E6-4AE9-AA22-CC9E50ACE3EC}.Debug|ARM64.Deploy.0 = Debug|ARM64
		{FA11A1FB-B0E6-4AE9-AA22-CC9E50ACE3EC}.Debug|x64.ActiveCfg = Debug|x64
		{FA11A1FB-B0E6-4AE9-AA22-CC9E50ACE3EC}.Debug|x64.Build.0 = Debug|x64
		{FA11A1FB-B0E6-4AE9-AA22-CC9E50ACE3EC}.Debug|x64.Deploy.0 = Debug|x64
		{FA11A1FB-B0E6-4AE9-AA22-CC9E50ACE3EC}.Debug|x86.ActiveCfg = Debug|x86
		{FA11A1FB-B0E6-4AE9-AA22-CC9E50ACE3EC}.Debug|x86.Build.0 = Debug|x86
		{FA11A1FB-B0E6-4AE9-AA22-CC9E50ACE3EC}.Debug|x86.Deploy.0 = Debug|x86
		{FA11A1FB-B0E6-4AE9-AA22-CC9E50ACE3EC}.Release|ARM.ActiveCfg = Release|ARM
		{FA11A1FB-B0E6-4AE9-AA22-CC9E50ACE3EC}.Release|ARM.Build.0 = Release|ARM
		{FA11A1FB-B0E6-4AE9-AA22-CC9E50ACE3EC}.Release|ARM.Deploy.0 = Release|ARM
		{FA11A1FB-B0E6-4AE9-AA22-CC9E50ACE3EC}.Release|ARM64.ActiveCfg = Release|ARM64
		{FA11A1FB-B0E6-4AE9-AA22-CC9E50ACE3EC}.Release|ARM64.Build.0 = Release|ARM64
		{FA11A1FB-B0E6-4AE9-AA22-CC9E50ACE3EC}.Release|ARM64.Deploy.0 = Release|ARM64
		{FA11A1FB-B0E6-4AE9-AA22-CC9E50ACE3EC}.Release|x64.ActiveCfg = Release|x64
		{FA11A1FB-B0E6-4AE9-AA22-CC9E50ACE3EC}.Release|x64.Build.0 = Release|x64
		{FA11A1FB-B0E6-4AE9-AA22-CC9E50ACE3EC}.Release|x64.Deploy.0 = Release|x64
		{FA11A1FB-B0E6-4AE9-AA22-CC9E50ACE3EC}.Release|x86.ActiveCfg = Release|x86
		{FA11A1FB-B0E6-4AE9-AA22-CC9E50ACE3EC}.Release|x86.Build.0 = Release|x86
		{FA11A1FB-B0E6-4AE9-AA22-CC9E50ACE3EC}.Release|x86.Deploy.0 = Release|x86
	EndGlobalSection
	GlobalSection(SolutionProperties) = preSolution
		HideSolutionNode = FALSE
	EndGlobalSection
	GlobalSection(ExtensibilityGlobals) = postSolution
		SolutionGuid = {AAE21083-9A84-46BB-AB46-C1C4F070E413}
	EndGlobalSection
EndGlobal
